
Microsoft Visual Studio Solution File, Format Version 12.00
# Visual Studio Version 17
VisualStudioVersion = 17.8.34330.188
MinimumVisualStudioVersion = 10.0.40219.1
Project("{FAE04EC0-301F-11D3-BF4B-00C04F79EFBC}") = "DemoEngineGUI", "DemoEngineGUI.csproj", "{B29661D3-15B3-4E8B-8EB2-A7E005474EB8}"
EndProject
Global
	GlobalSection(SolutionConfigurationPlatforms) = preSolution
		Debug|Any CPU = Debug|Any CPU
		Release|Any CPU = Release|Any CPU
	EndGlobalSection
	GlobalSection(ProjectConfigurationPlatforms) = postSolution
		{B29661D3-15B3-4E8B-8EB2-A7E005474EB8}.Debug|Any CPU.ActiveCfg = Debug|Any CPU
		{B29661D3-15B3-4E8B-8EB2-A7E005474EB8}.Debug|Any CPU.Build.0 = Debug|Any CPU
		{B29661D3-15B3-4E8B-8EB2-A7E005474EB8}.Release|Any CPU.ActiveCfg = Release|Any CPU
		{B29661D3-15B3-4E8B-8EB2-A7E005474EB8}.Release|Any CPU.Build.0 = Release|Any CPU
	EndGlobalSection
	GlobalSection(SolutionProperties) = preSolution
		HideSolutionNode = FALSE
	EndGlobalSection
	GlobalSection(ExtensibilityGlobals) = postSolution
		SolutionGuid = {B52D9404-E106-4EEF-9E52-63A3900BE432}
	EndGlobalSection
EndGlobal
